
Microsoft Visual Studio Solution File, Format Version 12.00
# Visual Studio Version 16
VisualStudioVersion = 16.0.28822.285
MinimumVisualStudioVersion = 10.0.40219.1
Project("{9A19103F-16F7-4668-BE54-9A1E7A4F7556}") = "ExampleProgram", "ExampleProgram\ExampleProgram.csproj", "{22F37555-95C9-4E56-BE8D-D2FAC3797A30}"
EndProject
Project("{FAE04EC0-301F-11D3-BF4B-00C04F79EFBC}") = "EasyCLI", "EasyCLI\EasyCLI.csproj", "{858D7A0E-E14C-4039-9E9C-209E986BDA4C}"
EndProject
Global
	GlobalSection(SolutionConfigurationPlatforms) = preSolution
		Debug|Any CPU = Debug|Any CPU
		Release|Any CPU = Release|Any CPU
	EndGlobalSection
	GlobalSection(ProjectConfigurationPlatforms) = postSolution
		{22F37555-95C9-4E56-BE8D-D2FAC3797A30}.Debug|Any CPU.ActiveCfg = Debug|Any CPU
		{22F37555-95C9-4E56-BE8D-D2FAC3797A30}.Debug|Any CPU.Build.0 = Debug|Any CPU
		{22F37555-95C9-4E56-BE8D-D2FAC3797A30}.Release|Any CPU.ActiveCfg = Release|Any CPU
		{22F37555-95C9-4E56-BE8D-D2FAC3797A30}.Release|Any CPU.Build.0 = Release|Any CPU
		{858D7A0E-E14C-4039-9E9C-209E986BDA4C}.Debug|Any CPU.ActiveCfg = Debug|Any CPU
		{858D7A0E-E14C-4039-9E9C-209E986BDA4C}.Debug|Any CPU.Build.0 = Debug|Any CPU
		{858D7A0E-E14C-4039-9E9C-209E986BDA4C}.Release|Any CPU.ActiveCfg = Release|Any CPU
		{858D7A0E-E14C-4039-9E9C-209E986BDA4C}.Release|Any CPU.Build.0 = Release|Any CPU
	EndGlobalSection
	GlobalSection(SolutionProperties) = preSolution
		HideSolutionNode = FALSE
	EndGlobalSection
	GlobalSection(ExtensibilityGlobals) = postSolution
		SolutionGuid = {D3BA6F48-96DE-4E22-906D-FD1BBEFD3E66}
	EndGlobalSection
EndGlobal
